{"is_source_file": false, "format": "", "description": "", "external_files": [], "external_methods": [], "published": [], "classes": [], "methods": [], "calls": [], "search-terms": [], "state": 2, "file_id": 32, "knowledge_revision": 94, "git_revision": "4a7ba27e8dd64ca5834be4969b40c3fd977f99f1", "hash": "e9b4c3b42cef0193b7fddb548d37e652", "format-version": 4, "code-base-name": "default", "filename": "kara_vibe/post_process_status.lock", "revision_history": [{"94": "4a7ba27e8dd64ca5834be4969b40c3fd977f99f1"}]}